
Microsoft Visual Studio Solution File, Format Version 12.00
# Visual Studio Version 17
VisualStudioVersion = 17.4.33213.308
MinimumVisualStudioVersion = 10.0.40219.1
Project("{FAE04EC0-301F-11D3-BF4B-00C04F79EFBC}") = "WindowsFormsApp81", "WindowsFormsApp81\WindowsFormsApp81.csproj", "{46E980EB-7366-4131-9121-97421C29A2AA}"
EndProject
Global
	GlobalSection(SolutionConfigurationPlatforms) = preSolution
		Debug|Any CPU = Debug|Any CPU
		Release|Any CPU = Release|Any CPU
	EndGlobalSection
	GlobalSection(ProjectConfigurationPlatforms) = postSolution
		{46E980EB-7366-4131-9121-97421C29A2AA}.Debug|Any CPU.ActiveCfg = Debug|Any CPU
		{46E980EB-7366-4131-9121-97421C29A2AA}.Debug|Any CPU.Build.0 = Debug|Any CPU
		{46E980EB-7366-4131-9121-97421C29A2AA}.Release|Any CPU.ActiveCfg = Release|Any CPU
		{46E980EB-7366-4131-9121-97421C29A2AA}.Release|Any CPU.Build.0 = Release|Any CPU
	EndGlobalSection
	GlobalSection(SolutionProperties) = preSolution
		HideSolutionNode = FALSE
	EndGlobalSection
	GlobalSection(ExtensibilityGlobals) = postSolution
		SolutionGuid = {4FD9F0B1-3410-460A-9752-DEB88B09005E}
	EndGlobalSection
EndGlobal
